// !$*UTF8*$!
{
	archiveVersion = 1;
	classes = {
	};
	objectVersion = 50;
	objects = {

/* Begin PBXBuildFile section */
		89DCF58A22826E16001C6A8C /* AppDelegate.swift in Sources */ = {isa = PBXBuildFile; fileRef = 89DCF58922826E16001C6A8C /* AppDelegate.swift */; };
		89DCF58C22826E16001C6A8C /* MasterViewController.swift in Sources */ = {isa = PBXBuildFile; fileRef = 89DCF58B22826E16001C6A8C /* MasterViewController.swift */; };
		89DCF58E22826E16001C6A8C /* DetailViewController.swift in Sources */ = {isa = PBXBuildFile; fileRef = 89DCF58D22826E16001C6A8C /* DetailViewController.swift */; };
		89DCF59122826E16001C6A8C /* Main.storyboard in Resources */ = {isa = PBXBuildFile; fileRef = 89DCF58F22826E16001C6A8C /* Main.storyboard */; };
		89DCF59322826E18001C6A8C /* Assets.xcassets in Resources */ = {isa = PBXBuildFile; fileRef = 89DCF59222826E18001C6A8C /* Assets.xcassets */; };
		89DCF59622826E18001C6A8C /* LaunchScreen.storyboard in Resources */ = {isa = PBXBuildFile; fileRef = 89DCF59422826E18001C6A8C /* LaunchScreen.storyboard */; };
		89DCF5A122826E18001C6A8C /* EisenhauerPassCodeUITestExampleUITests.swift in Sources */ = {isa = PBXBuildFile; fileRef = 89DCF5A022826E18001C6A8C /* EisenhauerPassCodeUITestExampleUITests.swift */; };
/* End PBXBuildFile section */

/* Begin PBXContainerItemProxy section */
		89DCF59D22826E18001C6A8C /* PBXContainerItemProxy */ = {
			isa = PBXContainerItemProxy;
			containerPortal = 89DCF57E22826E16001C6A8C /* Project object */;
			proxyType = 1;
			remoteGlobalIDString = 89DCF58522826E16001C6A8C;
			remoteInfo = EisenhauerPassCodeUITestExample;
		};
/* End PBXContainerItemProxy section */

/* Begin PBXFileReference section */
		89DCF58622826E16001C6A8C /* EisenhauerPassCodeUITestExample.app */ = {isa = PBXFileReference; explicitFileType = wrapper.application; includeInIndex = 0; path = EisenhauerPassCodeUITestExample.app; sourceTree = BUILT_PRODUCTS_DIR; };
		89DCF58922826E16001C6A8C /* AppDelegate.swift */ = {isa = PBXFileReference; lastKnownFileType = sourcecode.swift; path = AppDelegate.swift; sourceTree = "<group>"; };
		89DCF58B22826E16001C6A8C /* MasterViewController.swift */ = {isa = PBXFileReference; lastKnownFileType = sourcecode.swift; path = MasterViewController.swift; sourceTree = "<group>"; };
		89DCF58D22826E16001C6A8C /* DetailViewController.swift */ = {isa = PBXFileReference; lastKnownFileType = sourcecode.swift; path = DetailViewController.swift; sourceTree = "<group>"; };
		89DCF59022826E16001C6A8C /* Base */ = {isa = PBXFileReference; lastKnownFileType = file.storyboard; name = Base; path = Base.lproj/Main.storyboard; sourceTree = "<group>"; };
		89DCF59222826E18001C6A8C /* Assets.xcassets */ = {isa = PBXFileReference; lastKnownFileType = folder.assetcatalog; path = Assets.xcassets; sourceTree = "<group>"; };
		89DCF59522826E18001C6A8C /* Base */ = {isa = PBXFileReference; lastKnownFileType = file.storyboard; name = Base; path = Base.lproj/LaunchScreen.storyboard; sourceTree = "<group>"; };
		89DCF59722826E18001C6A8C /* Info.plist */ = {isa = PBXFileReference; lastKnownFileType = text.plist.xml; path = Info.plist; sourceTree = "<group>"; };
		89DCF59C22826E18001C6A8C /* EisenhauerPassCodeUITestExampleUITests.xctest */ = {isa = PBXFileReference; explicitFileType = wrapper.cfbundle; includeInIndex = 0; path = EisenhauerPassCodeUITestExampleUITests.xctest; sourceTree = BUILT_PRODUCTS_DIR; };
		89DCF5A022826E18001C6A8C /* EisenhauerPassCodeUITestExampleUITests.swift */ = {isa = PBXFileReference; lastKnownFileType = sourcecode.swift; path = EisenhauerPassCodeUITestExampleUITests.swift; sourceTree = "<group>"; };
		89DCF5A222826E18001C6A8C /* Info.plist */ = {isa = PBXFileReference; lastKnownFileType = text.plist.xml; path = Info.plist; sourceTree = "<group>"; };
/* End PBXFileReference section */

/* Begin PBXFrameworksBuildPhase section */
		89DCF58322826E16001C6A8C /* Frameworks */ = {
			isa = PBXFrameworksBuildPhase;
			buildActionMask = 2147483647;
			files = (
			);
			runOnlyForDeploymentPostprocessing = 0;
		};
		89DCF59922826E18001C6A8C /* Frameworks */ = {
			isa = PBXFrameworksBuildPhase;
			buildActionMask = 2147483647;
			files = (
			);
			runOnlyForDeploymentPostprocessing = 0;
		};
/* End PBXFrameworksBuildPhase section */

/* Begin PBXGroup section */
		89DCF57D22826E16001C6A8C = {
			isa = PBXGroup;
			children = (
				89DCF58822826E16001C6A8C /* EisenhauerPassCodeUITestExample */,
				89DCF59F22826E18001C6A8C /* EisenhauerPassCodeUITestExampleUITests */,
				89DCF58722826E16001C6A8C /* Products */,
			);
			sourceTree = "<group>";
		};
		89DCF58722826E16001C6A8C /* Products */ = {
			isa = PBXGroup;
			children = (
				89DCF58622826E16001C6A8C /* EisenhauerPassCodeUITestExample.app */,
				89DCF59C22826E18001C6A8C /* EisenhauerPassCodeUITestExampleUITests.xctest */,
			);
			name = Products;
			sourceTree = "<group>";
		};
		89DCF58822826E16001C6A8C /* EisenhauerPassCodeUITestExample */ = {
			isa = PBXGroup;
			children = (
				89DCF58922826E16001C6A8C /* AppDelegate.swift */,
				89DCF58B22826E16001C6A8C /* MasterViewController.swift */,
				89DCF58D22826E16001C6A8C /* DetailViewController.swift */,
				89DCF58F22826E16001C6A8C /* Main.storyboard */,
				89DCF59222826E18001C6A8C /* Assets.xcassets */,
				89DCF59422826E18001C6A8C /* LaunchScreen.storyboard */,
				89DCF59722826E18001C6A8C /* Info.plist */,
			);
			path = EisenhauerPassCodeUITestExample;
			sourceTree = "<group>";
		};
		89DCF59F22826E18001C6A8C /* EisenhauerPassCodeUITestExampleUITests */ = {
			isa = PBXGroup;
			children = (
				89DCF5A022826E18001C6A8C /* EisenhauerPassCodeUITestExampleUITests.swift */,
				89DCF5A222826E18001C6A8C /* Info.plist */,
			);
			path = EisenhauerPassCodeUITestExampleUITests;
			sourceTree = "<group>";
		};
/* End PBXGroup section */

/* Begin PBXNativeTarget section */
		89DCF58522826E16001C6A8C /* EisenhauerPassCodeUITestExample */ = {
			isa = PBXNativeTarget;
			buildConfigurationList = 89DCF5A522826E18001C6A8C /* Build configuration list for PBXNativeTarget "EisenhauerPassCodeUITestExample" */;
			buildPhases = (
				89DCF58222826E16001C6A8C /* Sources */,
				89DCF58322826E16001C6A8C /* Frameworks */,
				89DCF58422826E16001C6A8C /* Resources */,
			);
			buildRules = (
			);
			dependencies = (
			);
			name = EisenhauerPassCodeUITestExample;
			productName = EisenhauerPassCodeUITestExample;
			productReference = 89DCF58622826E16001C6A8C /* EisenhauerPassCodeUITestExample.app */;
			productType = "com.apple.product-type.application";
		};
		89DCF59B22826E18001C6A8C /* EisenhauerPassCodeUITestExampleUITests */ = {
			isa = PBXNativeTarget;
			buildConfigurationList = 89DCF5A822826E18001C6A8C /* Build configuration list for PBXNativeTarget "EisenhauerPassCodeUITestExampleUITests" */;
			buildPhases = (
				89DCF59822826E18001C6A8C /* Sources */,
				89DCF59922826E18001C6A8C /* Frameworks */,
				89DCF59A22826E18001C6A8C /* Resources */,
			);
			buildRules = (
			);
			dependencies = (
				89DCF59E22826E18001C6A8C /* PBXTargetDependency */,
			);
			name = EisenhauerPassCodeUITestExampleUITests;
			productName = EisenhauerPassCodeUITestExampleUITests;
			productReference = 89DCF59C22826E18001C6A8C /* EisenhauerPassCodeUITestExampleUITests.xctest */;
			productType = "com.apple.product-type.bundle.ui-testing";
		};
/* End PBXNativeTarget section */

/* Begin PBXProject section */
		89DCF57E22826E16001C6A8C /* Project object */ = {
			isa = PBXProject;
			attributes = {
				LastSwiftUpdateCheck = 1020;
				LastUpgradeCheck = 1020;
				ORGANIZATIONNAME = "James Eisenhauer";
				TargetAttributes = {
					89DCF58522826E16001C6A8C = {
						CreatedOnToolsVersion = 10.2.1;
					};
					89DCF59B22826E18001C6A8C = {
						CreatedOnToolsVersion = 10.2.1;
						TestTargetID = 89DCF58522826E16001C6A8C;
					};
				};
			};
			buildConfigurationList = 89DCF58122826E16001C6A8C /* Build configuration list for PBXProject "EisenhauerPassCodeUITestExample" */;
			compatibilityVersion = "Xcode 9.3";
			developmentRegion = en;
			hasScannedForEncodings = 0;
			knownRegions = (
				en,
				Base,
			);
			mainGroup = 89DCF57D22826E16001C6A8C;
			productRefGroup = 89DCF58722826E16001C6A8C /* Products */;
			projectDirPath = "";
			projectRoot = "";
			targets = (
				89DCF58522826E16001C6A8C /* EisenhauerPassCodeUITestExample */,
				89DCF59B22826E18001C6A8C /* EisenhauerPassCodeUITestExampleUITests */,
			);
		};
/* End PBXProject section */

/* Begin PBXResourcesBuildPhase section */
		89DCF58422826E16001C6A8C /* Resources */ = {
			isa = PBXResourcesBuildPhase;
			buildActionMask = 2147483647;
			files = (
				89DCF59622826E18001C6A8C /* LaunchScreen.storyboard in Resources */,
				89DCF59322826E18001C6A8C /* Assets.xcassets in Resources */,
				89DCF59122826E16001C6A8C /* Main.storyboard in Resources */,
			);
			runOnlyForDeploymentPostprocessing = 0;
		};
		89DCF59A22826E18001C6A8C /* Resources */ = {
			isa = PBXResourcesBuildPhase;
			buildActionMask = 2147483647;
			files = (
			);
			runOnlyForDeploymentPostprocessing = 0;
		};
/* End PBXResourcesBuildPhase section */

/* Begin PBXSourcesBuildPhase section */
		89DCF58222826E16001C6A8C /* Sources */ = {
			isa = PBXSourcesBuildPhase;
			buildActionMask = 2147483647;
			files = (
				89DCF58E22826E16001C6A8C /* DetailViewController.swift in Sources */,
				89DCF58C22826E16001C6A8C /* MasterViewController.swift in Sources */,
				89DCF58A22826E16001C6A8C /* AppDelegate.swift in Sources */,
			);
			runOnlyForDeploymentPostprocessing = 0;
		};
		89DCF59822826E18001C6A8C /* Sources */ = {
			isa = PBXSourcesBuildPhase;
			buildActionMask = 2147483647;
			files = (
				89DCF5A122826E18001C6A8C /* EisenhauerPassCodeUITestExampleUITests.swift in Sources */,
			);
			runOnlyForDeploymentPostprocessing = 0;
		};
/* End PBXSourcesBuildPhase section */

/* Begin PBXTargetDependency section */
		89DCF59E22826E18001C6A8C /* PBXTargetDependency */ = {
			isa = PBXTargetDependency;
			target = 89DCF58522826E16001C6A8C /* EisenhauerPassCodeUITestExample */;
			targetProxy = 89DCF59D22826E18001C6A8C /* PBXContainerItemProxy */;
		};
/* End PBXTargetDependency section */

/* Begin PBXVariantGroup section */
		89DCF58F22826E16001C6A8C /* Main.storyboard */ = {
			isa = PBXVariantGroup;
			children = (
				89DCF59022826E16001C6A8C /* Base */,
			);
			name = Main.storyboard;
			sourceTree = "<group>";
		};
		89DCF59422826E18001C6A8C /* LaunchScreen.storyboard */ = {
			isa = PBXVariantGroup;
			children = (
				89DCF59522826E18001C6A8C /* Base */,
			);
			name = LaunchScreen.storyboard;
			sourceTree = "<group>";
		};
/* End PBXVariantGroup section */

/* Begin XCBuildConfiguration section */
		89DCF5A322826E18001C6A8C /* Debug */ = {
			isa = XCBuildConfiguration;
			buildSettings = {
				ALWAYS_SEARCH_USER_PATHS = NO;
				CLANG_ANALYZER_NONNULL = YES;
				CLANG_ANALYZER_NUMBER_OBJECT_CONVERSION = YES_AGGRESSIVE;
				CLANG_CXX_LANGUAGE_STANDARD = "gnu++14";
				CLANG_CXX_LIBRARY = "libc++";
				CLANG_ENABLE_MODULES = YES;
				CLANG_ENABLE_OBJC_ARC = YES;
				CLANG_ENABLE_OBJC_WEAK = YES;
				CLANG_WARN_BLOCK_CAPTURE_AUTORELEASING = YES;
				CLANG_WARN_BOOL_CONVERSION = YES;
				CLANG_WARN_COMMA = YES;
				CLANG_WARN_CONSTANT_CONVERSION = YES;
				CLANG_WARN_DEPRECATED_OBJC_IMPLEMENTATIONS = YES;
				CLANG_WARN_DIRECT_OBJC_ISA_USAGE = YES_ERROR;
				CLANG_WARN_DOCUMENTATION_COMMENTS = YES;
				CLANG_WARN_EMPTY_BODY = YES;
				CLANG_WARN_ENUM_CONVERSION = YES;
				CLANG_WARN_INFINITE_RECURSION = YES;
				CLANG_WARN_INT_CONVERSION = YES;
				CLANG_WARN_NON_LITERAL_NULL_CONVERSION = YES;
				CLANG_WARN_OBJC_IMPLICIT_RETAIN_SELF = YES;
				CLANG_WARN_OBJC_LITERAL_CONVERSION = YES;
				CLANG_WARN_OBJC_ROOT_CLASS = YES_ERROR;
				CLANG_WARN_RANGE_LOOP_ANALYSIS = YES;
				CLANG_WARN_STRICT_PROTOTYPES = YES;
				CLANG_WARN_SUSPICIOUS_MOVE = YES;
				CLANG_WARN_UNGUARDED_AVAILABILITY = YES_AGGRESSIVE;
				CLANG_WARN_UNREACHABLE_CODE = YES;
				CLANG_WARN__DUPLICATE_METHOD_MATCH = YES;
				CODE_SIGN_IDENTITY = "iPhone Developer";
				COPY_PHASE_STRIP = NO;
				DEBUG_INFORMATION_FORMAT = dwarf;
				ENABLE_STRICT_OBJC_MSGSEND = YES;
				ENABLE_TESTABILITY = YES;
				GCC_C_LANGUAGE_STANDARD = gnu11;
				GCC_DYNAMIC_NO_PIC = NO;
				GCC_NO_COMMON_BLOCKS = YES;
				GCC_OPTIMIZATION_LEVEL = 0;
				GCC_PREPROCESSOR_DEFINITIONS = (
					"DEBUG=1",
					"$(inherited)",
				);
				GCC_WARN_64_TO_32_BIT_CONVERSION = YES;
				GCC_WARN_ABOUT_RETURN_TYPE = YES_ERROR;
				GCC_WARN_UNDECLARED_SELECTOR = YES;
				GCC_WARN_UNINITIALIZED_AUTOS = YES_AGGRESSIVE;
				GCC_WARN_UNUSED_FUNCTION = YES;
				GCC_WARN_UNUSED_VARIABLE = YES;
				IPHONEOS_DEPLOYMENT_TARGET = 12.2;
				MTL_ENABLE_DEBUG_INFO = INCLUDE_SOURCE;
				MTL_FAST_MATH = YES;
				ONLY_ACTIVE_ARCH = YES;
				SDKROOT = iphoneos;
				SWIFT_ACTIVE_COMPILATION_CONDITIONS = DEBUG;
				SWIFT_OPTIMIZATION_LEVEL = "-Onone";
			};
			name = Debug;
		};
		89DCF5A422826E18001C6A8C /* Release */ = {
			isa = XCBuildConfiguration;
			buildSettings = {
				ALWAYS_SEARCH_USER_PATHS = NO;
				CLANG_ANALYZER_NONNULL = YES;
				CLANG_ANALYZER_NUMBER_OBJECT_CONVERSION = YES_AGGRESSIVE;
				CLANG_CXX_LANGUAGE_STANDARD = "gnu++14";
				CLANG_CXX_LIBRARY = "libc++";
				CLANG_ENABLE_MODULES = YES;
				CLANG_ENABLE_OBJC_ARC = YES;
				CLANG_ENABLE_OBJC_WEAK = YES;
				CLANG_WARN_BLOCK_CAPTURE_AUTORELEASING = YES;
				CLANG_WARN_BOOL_CONVERSION = YES;
				CLANG_WARN_COMMA = YES;
				CLANG_WARN_CONSTANT_CONVERSION = YES;
				CLANG_WARN_DEPRECATED_OBJC_IMPLEMENTATIONS = YES;
				CLANG_WARN_DIRECT_OBJC_ISA_USAGE = YES_ERROR;
				CLANG_WARN_DOCUMENTATION_COMMENTS = YES;
				CLANG_WARN_EMPTY_BODY = YES;
				CLANG_WARN_ENUM_CONVERSION = YES;
				CLANG_WARN_INFINITE_RECURSION = YES;
				CLANG_WARN_INT_CONVERSION = YES;
				CLANG_WARN_NON_LITERAL_NULL_CONVERSION = YES;
				CLANG_WARN_OBJC_IMPLICIT_RETAIN_SELF = YES;
				CLANG_WARN_OBJC_LITERAL_CONVERSION = YES;
				CLANG_WARN_OBJC_ROOT_CLASS = YES_ERROR;
				CLANG_WARN_RANGE_LOOP_ANALYSIS = YES;
				CLANG_WARN_STRICT_PROTOTYPES = YES;
				CLANG_WARN_SUSPICIOUS_MOVE = YES;
				CLANG_WARN_UNGUARDED_AVAILABILITY = YES_AGGRESSIVE;
				CLANG_WARN_UNREACHABLE_CODE = YES;
				CLANG_WARN__DUPLICATE_METHOD_MATCH = YES;
				CODE_SIGN_IDENTITY = "iPhone Developer";
				COPY_PHASE_STRIP = NO;
				DEBUG_INFORMATION_FORMAT = "dwarf-with-dsym";
				ENABLE_NS_ASSERTIONS = NO;
				ENABLE_STRICT_OBJC_MSGSEND = YES;
				GCC_C_LANGUAGE_STANDARD = gnu11;
				GCC_NO_COMMON_BLOCKS = YES;
				GCC_WARN_64_TO_32_BIT_CONVERSION = YES;
				GCC_WARN_ABOUT_RETURN_TYPE = YES_ERROR;
				GCC_WARN_UNDECLARED_SELECTOR = YES;
				GCC_WARN_UNINITIALIZED_AUTOS = YES_AGGRESSIVE;
				GCC_WARN_UNUSED_FUNCTION = YES;
				GCC_WARN_UNUSED_VARIABLE = YES;
				IPHONEOS_DEPLOYMENT_TARGET = 12.2;
				MTL_ENABLE_DEBUG_INFO = NO;
				MTL_FAST_MATH = YES;
				SDKROOT = iphoneos;
				SWIFT_COMPILATION_MODE = wholemodule;
				SWIFT_OPTIMIZATION_LEVEL = "-O";
				VALIDATE_PRODUCT = YES;
			};
			name = Release;
		};
		89DCF5A622826E18001C6A8C /* Debug */ = {
			isa = XCBuildConfiguration;
			buildSettings = {
				ASSETCATALOG_COMPILER_APPICON_NAME = AppIcon;
				CODE_SIGN_STYLE = Automatic;
				DEVELOPMENT_TEAM = 7532ZTGSK7;
				INFOPLIST_FILE = EisenhauerPassCodeUITestExample/Info.plist;
				LD_RUNPATH_SEARCH_PATHS = (
					"$(inherited)",
					"@executable_path/Frameworks",
				);
				PRODUCT_BUNDLE_IDENTIFIER = com.jameseisenhauer.EisenhauerPassCodeUITestExample;
				PRODUCT_NAME = "$(TARGET_NAME)";
				SWIFT_VERSION = 5.0;
				TARGETED_DEVICE_FAMILY = "1,2";
			};
			name = Debug;
		};
		89DCF5A722826E18001C6A8C /* Release */ = {
			isa = XCBuildConfiguration;
			buildSettings = {
				ASSETCATALOG_COMPILER_APPICON_NAME = AppIcon;
				CODE_SIGN_STYLE = Automatic;
				DEVELOPMENT_TEAM = 7532ZTGSK7;
				INFOPLIST_FILE = EisenhauerPassCodeUITestExample/Info.plist;
				LD_RUNPATH_SEARCH_PATHS = (
					"$(inherited)",
					"@executable_path/Frameworks",
				);
				PRODUCT_BUNDLE_IDENTIFIER = com.jameseisenhauer.EisenhauerPassCodeUITestExample;
				PRODUCT_NAME = "$(TARGET_NAME)";
				SWIFT_VERSION = 5.0;
				TARGETED_DEVICE_FAMILY = "1,2";
			};
			name = Release;
		};
		89DCF5A922826E18001C6A8C /* Debug */ = {
			isa = XCBuildConfiguration;
			buildSettings = {
				ALWAYS_EMBED_SWIFT_STANDARD_LIBRARIES = YES;
				CODE_SIGN_STYLE = Automatic;
				DEVELOPMENT_TEAM = 7532ZTGSK7;
				INFOPLIST_FILE = EisenhauerPassCodeUITestExampleUITests/Info.plist;
				LD_RUNPATH_SEARCH_PATHS = (
					"$(inherited)",
					"@executable_path/Frameworks",
					"@loader_path/Frameworks",
				);
				PRODUCT_BUNDLE_IDENTIFIER = com.jameseisenhauer.EisenhauerPassCodeUITestExampleUITests;
				PRODUCT_NAME = "$(TARGET_NAME)";
				SWIFT_VERSION = 5.0;
				TARGETED_DEVICE_FAMILY = "1,2";
				TEST_TARGET_NAME = EisenhauerPassCodeUITestExample;
			};
			name = Debug;
		};
		89DCF5AA22826E18001C6A8C /* Release */ = {
			isa = XCBuildConfiguration;
			buildSettings = {
				ALWAYS_EMBED_SWIFT_STANDARD_LIBRARIES = YES;
				CODE_SIGN_STYLE = Automatic;
				DEVELOPMENT_TEAM = 7532ZTGSK7;
				INFOPLIST_FILE = EisenhauerPassCodeUITestExampleUITests/Info.plist;
				LD_RUNPATH_SEARCH_PATHS = (
					"$(inherited)",
					"@executable_path/Frameworks",
					"@loader_path/Frameworks",
				);
				PRODUCT_BUNDLE_IDENTIFIER = com.jameseisenhauer.EisenhauerPassCodeUITestExampleUITests;
				PRODUCT_NAME = "$(TARGET_NAME)";
				SWIFT_VERSION = 5.0;
				TARGETED_DEVICE_FAMILY = "1,2";
				TEST_TARGET_NAME = EisenhauerPassCodeUITestExample;
			};
			name = Release;
		};
/* End XCBuildConfiguration section */

/* Begin XCConfigurationList section */
		89DCF58122826E16001C6A8C /* Build configuration list for PBXProject "EisenhauerPassCodeUITestExample" */ = {
			isa = XCConfigurationList;
			buildConfigurations = (
				89DCF5A322826E18001C6A8C /* Debug */,
				89DCF5A422826E18001C6A8C /* Release */,
			);
			defaultConfigurationIsVisible = 0;
			defaultConfigurationName = Release;
		};
		89DCF5A522826E18001C6A8C /* Build configuration list for PBXNativeTarget "EisenhauerPassCodeUITestExample" */ = {
			isa = XCConfigurationList;
			buildConfigurations = (
				89DCF5A622826E18001C6A8C /* Debug */,
				89DCF5A722826E18001C6A8C /* Release */,
			);
			defaultConfigurationIsVisible = 0;
			defaultConfigurationName = Release;
		};
		89DCF5A822826E18001C6A8C /* Build configuration list for PBXNativeTarget "EisenhauerPassCodeUITestExampleUITests" */ = {
			isa = XCConfigurationList;
			buildConfigurations = (
				89DCF5A922826E18001C6A8C /* Debug */,
				89DCF5AA22826E18001C6A8C /* Release */,
			);
			defaultConfigurationIsVisible = 0;
			defaultConfigurationName = Release;
		};
/* End XCConfigurationList section */
	};
	rootObject = 89DCF57E22826E16001C6A8C /* Project object */;
}
